
Microsoft Visual Studio Solution File, Format Version 12.00
# Visual Studio Version 17
VisualStudioVersion = 17.0.31903.59
MinimumVisualStudioVersion = 10.0.40219.1
Project("{FAE04EC0-301F-11D3-BF4B-00C04F79EFBC}") = "Flatfile.net", "Flatfile.net\Flatfile.net.csproj", "{50C8CD1F-3BB0-4A0B-A3C0-F6A75254F251}"
EndProject
Project("{FAE04EC0-301F-11D3-BF4B-00C04F79EFBC}") = "Flatfile.net.Test", "Flatfile.net.Test\Flatfile.net.Test.csproj", "{9FAC84F2-687E-406C-A0B5-D8EE9D7C5B39}"
EndProject
Global
	GlobalSection(SolutionConfigurationPlatforms) = preSolution
		Debug|Any CPU = Debug|Any CPU
		Release|Any CPU = Release|Any CPU
	EndGlobalSection
	GlobalSection(SolutionProperties) = preSolution
		HideSolutionNode = FALSE
	EndGlobalSection
	GlobalSection(ProjectConfigurationPlatforms) = postSolution
		{50C8CD1F-3BB0-4A0B-A3C0-F6A75254F251}.Debug|Any CPU.ActiveCfg = Debug|Any CPU
		{50C8CD1F-3BB0-4A0B-A3C0-F6A75254F251}.Debug|Any CPU.Build.0 = Debug|Any CPU
		{50C8CD1F-3BB0-4A0B-A3C0-F6A75254F251}.Release|Any CPU.ActiveCfg = Release|Any CPU
		{50C8CD1F-3BB0-4A0B-A3C0-F6A75254F251}.Release|Any CPU.Build.0 = Release|Any CPU
		{9FAC84F2-687E-406C-A0B5-D8EE9D7C5B39}.Debug|Any CPU.ActiveCfg = Debug|Any CPU
		{9FAC84F2-687E-406C-A0B5-D8EE9D7C5B39}.Debug|Any CPU.Build.0 = Debug|Any CPU
		{9FAC84F2-687E-406C-A0B5-D8EE9D7C5B39}.Release|Any CPU.ActiveCfg = Release|Any CPU
		{9FAC84F2-687E-406C-A0B5-D8EE9D7C5B39}.Release|Any CPU.Build.0 = Release|Any CPU
	EndGlobalSection
EndGlobal
