
Microsoft Visual Studio Solution File, Format Version 12.00
# Visual Studio Version 17
VisualStudioVersion = 17.0.31903.59
MinimumVisualStudioVersion = 10.0.40219.1
Project("{FAE04EC0-301F-11D3-BF4B-00C04F79EFBC}") = "Flatfile.net", "Flatfile.net\Flatfile.net.csproj", "{BC4A7B78-3AEC-4000-819D-0271C6BD10AF}"
EndProject
Project("{FAE04EC0-301F-11D3-BF4B-00C04F79EFBC}") = "Flatfile.net.Test", "Flatfile.net.Test\Flatfile.net.Test.csproj", "{2FDBE16D-F5BE-4494-B90A-4494BCF632A1}"
EndProject
Global
	GlobalSection(SolutionConfigurationPlatforms) = preSolution
		Debug|Any CPU = Debug|Any CPU
		Release|Any CPU = Release|Any CPU
	EndGlobalSection
	GlobalSection(SolutionProperties) = preSolution
		HideSolutionNode = FALSE
	EndGlobalSection
	GlobalSection(ProjectConfigurationPlatforms) = postSolution
		{BC4A7B78-3AEC-4000-819D-0271C6BD10AF}.Debug|Any CPU.ActiveCfg = Debug|Any CPU
		{BC4A7B78-3AEC-4000-819D-0271C6BD10AF}.Debug|Any CPU.Build.0 = Debug|Any CPU
		{BC4A7B78-3AEC-4000-819D-0271C6BD10AF}.Release|Any CPU.ActiveCfg = Release|Any CPU
		{BC4A7B78-3AEC-4000-819D-0271C6BD10AF}.Release|Any CPU.Build.0 = Release|Any CPU
		{2FDBE16D-F5BE-4494-B90A-4494BCF632A1}.Debug|Any CPU.ActiveCfg = Debug|Any CPU
		{2FDBE16D-F5BE-4494-B90A-4494BCF632A1}.Debug|Any CPU.Build.0 = Debug|Any CPU
		{2FDBE16D-F5BE-4494-B90A-4494BCF632A1}.Release|Any CPU.ActiveCfg = Release|Any CPU
		{2FDBE16D-F5BE-4494-B90A-4494BCF632A1}.Release|Any CPU.Build.0 = Release|Any CPU
	EndGlobalSection
EndGlobal
